
Microsoft Visual Studio Solution File, Format Version 12.00
# Visual Studio Version 17
VisualStudioVersion = 17.13.36105.23 d17.13
MinimumVisualStudioVersion = 10.0.40219.1
Project("{FAE04EC0-301F-11D3-BF4B-00C04F79EFBC}") = "DemoEFApplication", "DemoEFApplication\DemoEFApplication.csproj", "{D5B5AA5A-D958-4F1F-99C4-54A08BB49D55}"
EndProject
Global
	GlobalSection(SolutionConfigurationPlatforms) = preSolution
		Debug|Any CPU = Debug|Any CPU
		Release|Any CPU = Release|Any CPU
	EndGlobalSection
	GlobalSection(ProjectConfigurationPlatforms) = postSolution
		{D5B5AA5A-D958-4F1F-99C4-54A08BB49D55}.Debug|Any CPU.ActiveCfg = Debug|Any CPU
		{D5B5AA5A-D958-4F1F-99C4-54A08BB49D55}.Debug|Any CPU.Build.0 = Debug|Any CPU
		{D5B5AA5A-D958-4F1F-99C4-54A08BB49D55}.Release|Any CPU.ActiveCfg = Release|Any CPU
		{D5B5AA5A-D958-4F1F-99C4-54A08BB49D55}.Release|Any CPU.Build.0 = Release|Any CPU
	EndGlobalSection
	GlobalSection(SolutionProperties) = preSolution
		HideSolutionNode = FALSE
	EndGlobalSection
	GlobalSection(ExtensibilityGlobals) = postSolution
		SolutionGuid = {A7953310-2D2F-4F05-8221-4861BCE12972}
	EndGlobalSection
EndGlobal
